
Microsoft Visual Studio Solution File, Format Version 12.00
# Visual Studio Version 17
VisualStudioVersion = 17.5.33414.496
MinimumVisualStudioVersion = 10.0.40219.1
Project("{FAE04EC0-301F-11D3-BF4B-00C04F79EFBC}") = "project", "project.csproj", "{ADCDF200-737F-46C7-BA73-8C132D2C084A}"
EndProject
Global
	GlobalSection(SolutionConfigurationPlatforms) = preSolution
		Debug|Any CPU = Debug|Any CPU
		Release|Any CPU = Release|Any CPU
	EndGlobalSection
	GlobalSection(ProjectConfigurationPlatforms) = postSolution
		{ADCDF200-737F-46C7-BA73-8C132D2C084A}.Debug|Any CPU.ActiveCfg = Debug|Any CPU
		{ADCDF200-737F-46C7-BA73-8C132D2C084A}.Debug|Any CPU.Build.0 = Debug|Any CPU
		{ADCDF200-737F-46C7-BA73-8C132D2C084A}.Release|Any CPU.ActiveCfg = Release|Any CPU
		{ADCDF200-737F-46C7-BA73-8C132D2C084A}.Release|Any CPU.Build.0 = Release|Any CPU
	EndGlobalSection
	GlobalSection(SolutionProperties) = preSolution
		HideSolutionNode = FALSE
	EndGlobalSection
	GlobalSection(ExtensibilityGlobals) = postSolution
		SolutionGuid = {8249A4F8-2550-4194-8D5D-1DC7E3FD7CE3}
	EndGlobalSection
EndGlobal
